
Microsoft Visual Studio Solution File, Format Version 12.00
# Visual Studio Version 16
VisualStudioVersion = 16.0.29806.167
MinimumVisualStudioVersion = 10.0.40219.1
Project("{FAE04EC0-301F-11D3-BF4B-00C04F79EFBC}") = "KK_ColorCorrector", "src\KK_ColorCorrector\KK_ColorCorrector.csproj", "{6809B5DC-358C-45C5-B04C-0B7027596A8B}"
EndProject
Project("{FAE04EC0-301F-11D3-BF4B-00C04F79EFBC}") = "KK_ExtensibleSaveFormat", "src\KK_ExtensibleSaveFormat\KK_ExtensibleSaveFormat.csproj", "{8EBE81B9-9ED9-466D-864A-4C644BFD8827}"
EndProject
Project("{FAE04EC0-301F-11D3-BF4B-00C04F79EFBC}") = "KK_InputUnlocker", "src\KK_InputUnlocker\KK_InputUnlocker.csproj", "{379BA41B-9944-4B5A-8732-EEBAA7F05B04}"
EndProject
Project("{FAE04EC0-301F-11D3-BF4B-00C04F79EFBC}") = "KK_Screencap", "src\KK_Screencap\KK_Screencap.csproj", "{6A9D08C0-4482-4D1A-9368-9F41B7126F9E}"
EndProject
Project("{FAE04EC0-301F-11D3-BF4B-00C04F79EFBC}") = "KK_SliderUnlocker", "src\KK_SliderUnlocker\KK_SliderUnlocker.csproj", "{9DB058D4-CF5A-4280-9150-A62C22FC3CB0}"
EndProject
Project("{FAE04EC0-301F-11D3-BF4B-00C04F79EFBC}") = "KK_Sideloader", "src\KK_Sideloader\KK_Sideloader.csproj", "{384E98F6-C66A-4280-B7FF-AE5BB594DAE3}"
EndProject
Project("{D954291E-2A0B-460D-934E-DC6B0785DB48}") = "Shared", "src\Shared\Shared.shproj", "{356EB041-D692-45B5-ACF6-0F393A62CB4B}"
EndProject
Project("{FAE04EC0-301F-11D3-BF4B-00C04F79EFBC}") = "KK_BGMLoader", "src\KK_BGMLoader\KK_BGMLoader.csproj", "{4BEF27B4-5AAC-4AB1-B43F-E85C484FC326}"
EndProject
Project("{FAE04EC0-301F-11D3-BF4B-00C04F79EFBC}") = "KK_ConfigurationManager", "src\KK_ConfigurationManager\KK_ConfigurationManager.csproj", "{8589072C-44CB-4F6E-92E7-D73A42C31D69}"
EndProject
Project("{2150E333-8FDC-42A3-9474-1A3956D46DE8}") = "SliderUnlocker", "SliderUnlocker", "{4A1808A4-FEA9-4BC9-A93A-9F41D457569A}"
EndProject
Project("{D954291E-2A0B-460D-934E-DC6B0785DB48}") = "Core_SliderUnlocker", "src\Core_SliderUnlocker\Core_SliderUnlocker.shproj", "{7CBA15AB-52D1-4506-A7BF-9D23060ECF5D}"
EndProject
Project("{FAE04EC0-301F-11D3-BF4B-00C04F79EFBC}") = "HS_SliderUnlocker", "src\HS_SliderUnlocker\HS_SliderUnlocker.csproj", "{8AF4399E-0D5A-418E-8178-E81192C56213}"
EndProject
Project("{FAE04EC0-301F-11D3-BF4B-00C04F79EFBC}") = "EC_SliderUnlocker", "src\EC_SliderUnlocker\EC_SliderUnlocker.csproj", "{C4188EB1-8DC5-47C7-A966-8AA38B6CFB55}"
EndProject
Project("{2150E333-8FDC-42A3-9474-1A3956D46DE8}") = "Screencap", "Screencap", "{408D8BC2-DF6B-4ABA-A90F-D79616019BF4}"
EndProject
Project("{D954291E-2A0B-460D-934E-DC6B0785DB48}") = "KKEC_Core_Screencap", "src\Core_Screencap\KKEC_Core_Screencap.shproj", "{EABCCA02-EA25-4451-935B-B293D8BD02DD}"
EndProject
Project("{FAE04EC0-301F-11D3-BF4B-00C04F79EFBC}") = "EC_Screencap", "src\EC_Screencap\EC_Screencap.csproj", "{A16C8DE3-1851-46A9-8866-9D8663E0A76F}"
EndProject
Project("{2150E333-8FDC-42A3-9474-1A3956D46DE8}") = "ExtensibleSaveFormat", "ExtensibleSaveFormat", "{72E9352E-2BEB-493C-9F75-1C12AFA67D6B}"
EndProject
Project("{D954291E-2A0B-460D-934E-DC6B0785DB48}") = "Core_ExtensibleSaveFormat", "src\Core_ExtensibleSaveFormat\Core_ExtensibleSaveFormat.shproj", "{61E63B45-1D21-44F7-9B01-F5209C05FFB4}"
EndProject
Project("{FAE04EC0-301F-11D3-BF4B-00C04F79EFBC}") = "EC_ExtensibleSaveFormat", "src\EC_ExtensibleSaveFormat\EC_ExtensibleSaveFormat.csproj", "{747A4E61-34F4-4790-A418-BB2CB03450E3}"
EndProject
Project("{2150E333-8FDC-42A3-9474-1A3956D46DE8}") = "Sideloader", "Sideloader", "{41D78233-6980-465F-BAC5-45FCA6E0562F}"
EndProject
Project("{D954291E-2A0B-460D-934E-DC6B0785DB48}") = "Core_Sideloader", "src\Core_Sideloader\Core_Sideloader.shproj", "{CE5A9FAB-C188-4919-A296-D9B1422169E9}"
EndProject
Project("{FAE04EC0-301F-11D3-BF4B-00C04F79EFBC}") = "EC_Sideloader", "src\EC_Sideloader\EC_Sideloader.csproj", "{68BDAB7C-92F1-41D8-A0AB-F8F4A98C44EC}"
EndProject
Project("{2150E333-8FDC-42A3-9474-1A3956D46DE8}") = "InputUnlocker", "InputUnlocker", "{CE8AB915-8694-4892-BD38-05CBB1AAA418}"
EndProject
Project("{D954291E-2A0B-460D-934E-DC6B0785DB48}") = "Core_InputUnlocker", "src\Core_InputUnlocker\Core_InputUnlocker.shproj", "{134E383F-6E78-460D-B76A-3BAAB8EBF54B}"
EndProject
Project("{FAE04EC0-301F-11D3-BF4B-00C04F79EFBC}") = "EC_InputUnlocker", "src\EC_InputUnlocker\EC_InputUnlocker.csproj", "{DD2B2EDC-224A-487D-93FA-A71FCCC5433E}"
EndProject
Project("{2150E333-8FDC-42A3-9474-1A3956D46DE8}") = "ColorCorrector", "ColorCorrector", "{C9731CBE-A60E-4BA8-8B52-C7952DB3BC06}"
EndProject
Project("{D954291E-2A0B-460D-934E-DC6B0785DB48}") = "Core_ColorCorrector", "src\Core_ColorCorrector\Core_ColorCorrector.shproj", "{C9F5729A-C6E2-4E2F-A68D-4FDF757B2E58}"
EndProject
Project("{FAE04EC0-301F-11D3-BF4B-00C04F79EFBC}") = "EC_ColorCorrector", "src\EC_ColorCorrector\EC_ColorCorrector.csproj", "{C1F8FEEB-09E9-4FD0-A9B1-B4A323ED2177}"
EndProject
Project("{2150E333-8FDC-42A3-9474-1A3956D46DE8}") = "BGMLoader", "BGMLoader", "{BF4829EE-3EC0-4B70-8E8C-26C7C4E9BD43}"
EndProject
Project("{D954291E-2A0B-460D-934E-DC6B0785DB48}") = "Core_BGMLoader", "src\Core_BGMLoader\Core_BGMLoader.shproj", "{E1074DCD-CC19-4C67-B799-EB534C885018}"
EndProject
Project("{FAE04EC0-301F-11D3-BF4B-00C04F79EFBC}") = "EC_BGMLoader", "src\EC_BGMLoader\EC_BGMLoader.csproj", "{E26EC117-EC2C-4B61-A2B8-C6D56230E6A9}"
EndProject
Project("{2150E333-8FDC-42A3-9474-1A3956D46DE8}") = "ConfigurationManagerWrapper", "ConfigurationManagerWrapper", "{66C8608F-4585-4E2C-8E8C-F4FDCC2CE382}"
EndProject
Project("{FAE04EC0-301F-11D3-BF4B-00C04F79EFBC}") = "EC_ConfigurationManager", "src\EC_ConfigurationManager\EC_ConfigurationManager.csproj", "{6979C7C4-91FE-4FD5-8F74-101CC533B238}"
EndProject
Project("{FAE04EC0-301F-11D3-BF4B-00C04F79EFBC}") = "HS_ConfigurationManager", "src\HS_ConfigurationManager\HS_ConfigurationManager.csproj", "{FA7D93C6-05C2-42A9-B82B-C544898F26AD}"
EndProject
Project("{FAE04EC0-301F-11D3-BF4B-00C04F79EFBC}") = "AI_SliderUnlocker", "src\AI_SliderUnlocker\AI_SliderUnlocker.csproj", "{D78D6B25-E644-4CFE-9031-A05DFBDC683D}"
EndProject
Project("{FAE04EC0-301F-11D3-BF4B-00C04F79EFBC}") = "AI_InputUnlocker", "src\AI_InputUnlocker\AI_InputUnlocker.csproj", "{3590476D-CE82-4B96-AB71-6DCC4B481B17}"
EndProject
Project("{FAE04EC0-301F-11D3-BF4B-00C04F79EFBC}") = "AI_BGMLoader", "src\AI_BGMLoader\AI_BGMLoader.csproj", "{CD6453F6-DCDE-44D4-B1DB-B0B7CDF9BCC9}"
EndProject
Project("{FAE04EC0-301F-11D3-BF4B-00C04F79EFBC}") = "AI_ExtensibleSaveFormat", "src\AI_ExtensibleSaveFormat\AI_ExtensibleSaveFormat.csproj", "{303C404B-9D91-4622-9B8B-8415E0DE6A8F}"
EndProject
Project("{FAE04EC0-301F-11D3-BF4B-00C04F79EFBC}") = "AI_Sideloader", "src\AI_Sideloader\AI_Sideloader.csproj", "{737A4054-4A2B-48E9-842A-A38D24361435}"
EndProject
Project("{FAE04EC0-301F-11D3-BF4B-00C04F79EFBC}") = "AI_Screencap", "src\AI_Screencap\AI_Screencap.csproj", "{2C5BCF22-76B1-42D5-B078-FA8BD529BFD5}"
EndProject
Project("{FAE04EC0-301F-11D3-BF4B-00C04F79EFBC}") = "PH_SliderUnlocker", "src\PH_SliderUnlocker\PH_SliderUnlocker.csproj", "{2DF3121A-62DE-451B-9854-BCDA34B200F2}"
EndProject
Project("{D954291E-2A0B-460D-934E-DC6B0785DB48}") = "Core_ExtensibleSaveFormat_Studio", "src\Core_ExtensibleSaveFormat_Studio\Core_ExtensibleSaveFormat_Studio.shproj", "{20FD60F3-3086-4A25-876B-E977BDA46687}"
EndProject
Project("{D954291E-2A0B-460D-934E-DC6B0785DB48}") = "Core_Sideloader_Studio", "src\Core_Sideloader_Studio\Core_Sideloader_Studio.shproj", "{66214BD2-6DA6-49CD-8C74-63DA9E643259}"
EndProject
Project("{2150E333-8FDC-42A3-9474-1A3956D46DE8}") = "src", "src", "{2050CFE4-0FCC-4DFB-80A4-CFBE10C80D03}"
EndProject
Project("{FAE04EC0-301F-11D3-BF4B-00C04F79EFBC}") = "AI_ConfigurationManager", "src\AI_ConfigurationManager\AI_ConfigurationManager.csproj", "{B0903672-629B-4C21-BAE3-6FBE587F4344}"
EndProject
Project("{FAE04EC0-301F-11D3-BF4B-00C04F79EFBC}") = "PH_ExtensibleSaveFormat", "src\PH_ExtensibleSaveFormat\PH_ExtensibleSaveFormat.csproj", "{F7E5C653-EEAE-44BC-84B3-B16021B13D9E}"
EndProject
Project("{FAE04EC0-301F-11D3-BF4B-00C04F79EFBC}") = "PH_ConfigurationManager", "src\PH_ConfigurationManager\PH_ConfigurationManager.csproj", "{AC5E9B43-CBB4-4CB8-8411-5425576F2055}"
EndProject
Project("{FAE04EC0-301F-11D3-BF4B-00C04F79EFBC}") = "HS2_ExtensibleSaveFormat", "src\HS2_ExtensibleSaveFormat\HS2_ExtensibleSaveFormat.csproj", "{B9EABBB2-4A92-4672-9B5A-658FDF8ACE3F}"
EndProject
Project("{FAE04EC0-301F-11D3-BF4B-00C04F79EFBC}") = "HS2_InputUnlocker", "src\HS2_InputUnlocker\HS2_InputUnlocker.csproj", "{4393D751-EFDD-4FE6-B93C-F17DDA20E77A}"
EndProject
Project("{FAE04EC0-301F-11D3-BF4B-00C04F79EFBC}") = "HS2_SliderUnlocker", "src\HS2_SliderUnlocker\HS2_SliderUnlocker.csproj", "{7E5E61F6-FD7D-4FE0-BFCD-C19346B7EF36}"
EndProject
Project("{FAE04EC0-301F-11D3-BF4B-00C04F79EFBC}") = "HS2_BGMLoader", "src\HS2_BGMLoader\HS2_BGMLoader.csproj", "{0A11411E-7798-4303-8E65-97421A30CD1A}"
EndProject
Project("{FAE04EC0-301F-11D3-BF4B-00C04F79EFBC}") = "HS2_ConfigurationManager", "src\HS2_ConfigurationManager\HS2_ConfigurationManager.csproj", "{9EC1E476-6A6C-43DF-B6ED-3DFF94F446FC}"
EndProject
Project("{FAE04EC0-301F-11D3-BF4B-00C04F79EFBC}") = "HS2_Sideloader", "src\HS2_Sideloader\HS2_Sideloader.csproj", "{75C19265-0BA8-4373-9254-22FB6102788D}"
EndProject
Project("{D954291E-2A0B-460D-934E-DC6B0785DB48}") = "AIHS2_Core_Screencap", "src\AIHS2_Core_Screencap\AIHS2_Core_Screencap.shproj", "{CFC6EE58-CD1B-4A21-B281-C6E9D5D0390D}"
EndProject
Project("{FAE04EC0-301F-11D3-BF4B-00C04F79EFBC}") = "HS2_Screencap", "src\HS2_Screencap\HS2_Screencap.csproj", "{E426EEC2-98CA-4ABD-804B-3C1BD20BEE9C}"
EndProject
Global
	GlobalSection(SharedMSBuildProjectFiles) = preSolution
		src\Core_BGMLoader\Core_BGMLoader.projitems*{0a11411e-7798-4303-8e65-97421a30cd1a}*SharedItemsImports = 4
		src\Shared\Shared.projitems*{0a11411e-7798-4303-8e65-97421a30cd1a}*SharedItemsImports = 4
		src\Core_InputUnlocker\Core_InputUnlocker.projitems*{134e383f-6e78-460d-b76a-3baab8ebf54b}*SharedItemsImports = 13
		src\Core_ExtensibleSaveFormat_Studio\Core_ExtensibleSaveFormat_Studio.projitems*{20fd60f3-3086-4a25-876b-e977bda46687}*SharedItemsImports = 13
		src\AIHS2_Core_Screencap\AIHS2_Core_Screencap.projitems*{2c5bcf22-76b1-42d5-b078-fa8bd529bfd5}*SharedItemsImports = 4
		src\Shared\Shared.projitems*{2c5bcf22-76b1-42d5-b078-fa8bd529bfd5}*SharedItemsImports = 4
		src\Core_SliderUnlocker\Core_SliderUnlocker.projitems*{2df3121a-62de-451b-9854-bcda34b200f2}*SharedItemsImports = 4
		src\Shared\Shared.projitems*{2df3121a-62de-451b-9854-bcda34b200f2}*SharedItemsImports = 4
		src\Core_ExtensibleSaveFormat\Core_ExtensibleSaveFormat.projitems*{303c404b-9d91-4622-9b8b-8415e0de6a8f}*SharedItemsImports = 4
		src\Core_ExtensibleSaveFormat_Studio\Core_ExtensibleSaveFormat_Studio.projitems*{303c404b-9d91-4622-9b8b-8415e0de6a8f}*SharedItemsImports = 4
		src\Shared\Shared.projitems*{303c404b-9d91-4622-9b8b-8415e0de6a8f}*SharedItemsImports = 4
		src\Shared\Shared.projitems*{356eb041-d692-45b5-acf6-0f393a62cb4b}*SharedItemsImports = 13
		src\Core_InputUnlocker\Core_InputUnlocker.projitems*{3590476d-ce82-4b96-ab71-6dcc4b481b17}*SharedItemsImports = 4
		src\Shared\Shared.projitems*{3590476d-ce82-4b96-ab71-6dcc4b481b17}*SharedItemsImports = 4
		src\Core_InputUnlocker\Core_InputUnlocker.projitems*{379ba41b-9944-4b5a-8732-eebaa7f05b04}*SharedItemsImports = 4
		src\Shared\Shared.projitems*{379ba41b-9944-4b5a-8732-eebaa7f05b04}*SharedItemsImports = 4
		src\Core_Sideloader\Core_Sideloader.projitems*{384e98f6-c66a-4280-b7ff-ae5bb594dae3}*SharedItemsImports = 4
		src\Core_Sideloader_Studio\Core_Sideloader_Studio.projitems*{384e98f6-c66a-4280-b7ff-ae5bb594dae3}*SharedItemsImports = 4
		src\Shared\Shared.projitems*{384e98f6-c66a-4280-b7ff-ae5bb594dae3}*SharedItemsImports = 4
		src\Core_InputUnlocker\Core_InputUnlocker.projitems*{4393d751-efdd-4fe6-b93c-f17dda20e77a}*SharedItemsImports = 4
		src\Shared\Shared.projitems*{4393d751-efdd-4fe6-b93c-f17dda20e77a}*SharedItemsImports = 4
		src\Core_BGMLoader\Core_BGMLoader.projitems*{4bef27b4-5aac-4ab1-b43f-e85c484fc326}*SharedItemsImports = 4
		src\Shared\Shared.projitems*{4bef27b4-5aac-4ab1-b43f-e85c484fc326}*SharedItemsImports = 4
		src\Core_ExtensibleSaveFormat\Core_ExtensibleSaveFormat.projitems*{61e63b45-1d21-44f7-9b01-f5209c05ffb4}*SharedItemsImports = 13
		src\Core_Sideloader_Studio\Core_Sideloader_Studio.projitems*{66214bd2-6da6-49cd-8c74-63da9e643259}*SharedItemsImports = 13
		src\Core_ColorCorrector\Core_ColorCorrector.projitems*{6809b5dc-358c-45c5-b04c-0b7027596a8b}*SharedItemsImports = 4
		src\Shared\Shared.projitems*{6809b5dc-358c-45c5-b04c-0b7027596a8b}*SharedItemsImports = 4
		src\Core_Sideloader\Core_Sideloader.projitems*{68bdab7c-92f1-41d8-a0ab-f8f4a98c44ec}*SharedItemsImports = 4
		src\Shared\Shared.projitems*{68bdab7c-92f1-41d8-a0ab-f8f4a98c44ec}*SharedItemsImports = 4
		src\Shared\Shared.projitems*{6979c7c4-91fe-4fd5-8f74-101cc533b238}*SharedItemsImports = 4
		src\Core_Screencap\Core_Screencap.projitems*{6a9d08c0-4482-4d1a-9368-9f41b7126f9e}*SharedItemsImports = 4
		src\Shared\Shared.projitems*{6a9d08c0-4482-4d1a-9368-9f41b7126f9e}*SharedItemsImports = 4
		src\Core_Sideloader\Core_Sideloader.projitems*{737a4054-4a2b-48e9-842a-a38d24361435}*SharedItemsImports = 4
		src\Core_Sideloader_Studio\Core_Sideloader_Studio.projitems*{737a4054-4a2b-48e9-842a-a38d24361435}*SharedItemsImports = 4
		src\Shared\Shared.projitems*{737a4054-4a2b-48e9-842a-a38d24361435}*SharedItemsImports = 4
		src\Core_ExtensibleSaveFormat\Core_ExtensibleSaveFormat.projitems*{747a4e61-34f4-4790-a418-bb2cb03450e3}*SharedItemsImports = 4
		src\Shared\Shared.projitems*{747a4e61-34f4-4790-a418-bb2cb03450e3}*SharedItemsImports = 4
		src\Core_Sideloader\Core_Sideloader.projitems*{75c19265-0ba8-4373-9254-22fb6102788d}*SharedItemsImports = 4
		src\Core_Sideloader_Studio\Core_Sideloader_Studio.projitems*{75c19265-0ba8-4373-9254-22fb6102788d}*SharedItemsImports = 4
		src\Shared\Shared.projitems*{75c19265-0ba8-4373-9254-22fb6102788d}*SharedItemsImports = 4
		src\Core_SliderUnlocker\Core_SliderUnlocker.projitems*{7cba15ab-52d1-4506-a7bf-9d23060ecf5d}*SharedItemsImports = 13
		src\Core_SliderUnlocker\Core_SliderUnlocker.projitems*{7e5e61f6-fd7d-4fe0-bfcd-c19346b7ef36}*SharedItemsImports = 4
		src\Shared\Shared.projitems*{7e5e61f6-fd7d-4fe0-bfcd-c19346b7ef36}*SharedItemsImports = 4
		src\Shared\Shared.projitems*{8589072c-44cb-4f6e-92e7-d73a42c31d69}*SharedItemsImports = 4
		src\Core_SliderUnlocker\Core_SliderUnlocker.projitems*{8af4399e-0d5a-418e-8178-e81192c56213}*SharedItemsImports = 4
		src\Shared\Shared.projitems*{8af4399e-0d5a-418e-8178-e81192c56213}*SharedItemsImports = 4
		src\Core_ExtensibleSaveFormat\Core_ExtensibleSaveFormat.projitems*{8ebe81b9-9ed9-466d-864a-4c644bfd8827}*SharedItemsImports = 4
		src\Core_ExtensibleSaveFormat_Studio\Core_ExtensibleSaveFormat_Studio.projitems*{8ebe81b9-9ed9-466d-864a-4c644bfd8827}*SharedItemsImports = 4
		src\Shared\Shared.projitems*{8ebe81b9-9ed9-466d-864a-4c644bfd8827}*SharedItemsImports = 4
		src\Core_SliderUnlocker\Core_SliderUnlocker.projitems*{9db058d4-cf5a-4280-9150-a62c22fc3cb0}*SharedItemsImports = 4
		src\Shared\Shared.projitems*{9db058d4-cf5a-4280-9150-a62c22fc3cb0}*SharedItemsImports = 4
		src\Shared\Shared.projitems*{9ec1e476-6a6c-43df-b6ed-3dff94f446fc}*SharedItemsImports = 4
		src\Core_Screencap\Core_Screencap.projitems*{a16c8de3-1851-46a9-8866-9d8663e0a76f}*SharedItemsImports = 4
		src\Shared\Shared.projitems*{a16c8de3-1851-46a9-8866-9d8663e0a76f}*SharedItemsImports = 4
		src\Shared\Shared.projitems*{ac5e9b43-cbb4-4cb8-8411-5425576f2055}*SharedItemsImports = 4
		src\Shared\Shared.projitems*{b0903672-629b-4c21-bae3-6fbe587f4344}*SharedItemsImports = 4
		src\Core_ExtensibleSaveFormat\Core_ExtensibleSaveFormat.projitems*{b9eabbb2-4a92-4672-9b5a-658fdf8ace3f}*SharedItemsImports = 4
		src\Core_ExtensibleSaveFormat_Studio\Core_ExtensibleSaveFormat_Studio.projitems*{b9eabbb2-4a92-4672-9b5a-658fdf8ace3f}*SharedItemsImports = 4
		src\Shared\Shared.projitems*{b9eabbb2-4a92-4672-9b5a-658fdf8ace3f}*SharedItemsImports = 4
		src\Core_ColorCorrector\Core_ColorCorrector.projitems*{c1f8feeb-09e9-4fd0-a9b1-b4a323ed2177}*SharedItemsImports = 4
		src\Shared\Shared.projitems*{c1f8feeb-09e9-4fd0-a9b1-b4a323ed2177}*SharedItemsImports = 4
		src\Core_SliderUnlocker\Core_SliderUnlocker.projitems*{c4188eb1-8dc5-47c7-a966-8aa38b6cfb55}*SharedItemsImports = 4
		src\Shared\Shared.projitems*{c4188eb1-8dc5-47c7-a966-8aa38b6cfb55}*SharedItemsImports = 4
		src\Core_ColorCorrector\Core_ColorCorrector.projitems*{c9f5729a-c6e2-4e2f-a68d-4fdf757b2e58}*SharedItemsImports = 13
		src\Core_BGMLoader\Core_BGMLoader.projitems*{cd6453f6-dcde-44d4-b1db-b0b7cdf9bcc9}*SharedItemsImports = 4
		src\Shared\Shared.projitems*{cd6453f6-dcde-44d4-b1db-b0b7cdf9bcc9}*SharedItemsImports = 4
		src\Core_Sideloader\Core_Sideloader.projitems*{ce5a9fab-c188-4919-a296-d9b1422169e9}*SharedItemsImports = 13
		src\AIHS2_Core_Screencap\AIHS2_Core_Screencap.projitems*{cfc6ee58-cd1b-4a21-b281-c6e9d5d0390d}*SharedItemsImports = 13
		src\Core_SliderUnlocker\Core_SliderUnlocker.projitems*{d78d6b25-e644-4cfe-9031-a05dfbdc683d}*SharedItemsImports = 4
		src\Shared\Shared.projitems*{d78d6b25-e644-4cfe-9031-a05dfbdc683d}*SharedItemsImports = 4
		src\Core_InputUnlocker\Core_InputUnlocker.projitems*{dd2b2edc-224a-487d-93fa-a71fccc5433e}*SharedItemsImports = 4
		src\Shared\Shared.projitems*{dd2b2edc-224a-487d-93fa-a71fccc5433e}*SharedItemsImports = 4
		src\Core_BGMLoader\Core_BGMLoader.projitems*{e1074dcd-cc19-4c67-b799-eb534c885018}*SharedItemsImports = 13
		src\Core_BGMLoader\Core_BGMLoader.projitems*{e26ec117-ec2c-4b61-a2b8-c6d56230e6a9}*SharedItemsImports = 4
		src\Shared\Shared.projitems*{e26ec117-ec2c-4b61-a2b8-c6d56230e6a9}*SharedItemsImports = 4
		src\AIHS2_Core_Screencap\AIHS2_Core_Screencap.projitems*{e426eec2-98ca-4abd-804b-3c1bd20bee9c}*SharedItemsImports = 4
		src\Shared\Shared.projitems*{e426eec2-98ca-4abd-804b-3c1bd20bee9c}*SharedItemsImports = 4
		src\Core_Screencap\Core_Screencap.projitems*{eabcca02-ea25-4451-935b-b293d8bd02dd}*SharedItemsImports = 13
		src\Core_ExtensibleSaveFormat_Studio\Core_ExtensibleSaveFormat_Studio.projitems*{f7e5c653-eeae-44bc-84b3-b16021b13d9e}*SharedItemsImports = 4
		src\Shared\Shared.projitems*{f7e5c653-eeae-44bc-84b3-b16021b13d9e}*SharedItemsImports = 4
		src\Shared\Shared.projitems*{fa7d93c6-05c2-42a9-b82b-c544898f26ad}*SharedItemsImports = 4
	EndGlobalSection
	GlobalSection(SolutionConfigurationPlatforms) = preSolution
		Debug|Any CPU = Debug|Any CPU
		Release|Any CPU = Release|Any CPU
	EndGlobalSection
	GlobalSection(ProjectConfigurationPlatforms) = postSolution
		{6809B5DC-358C-45C5-B04C-0B7027596A8B}.Debug|Any CPU.ActiveCfg = Debug|Any CPU
		{6809B5DC-358C-45C5-B04C-0B7027596A8B}.Debug|Any CPU.Build.0 = Debug|Any CPU
		{6809B5DC-358C-45C5-B04C-0B7027596A8B}.Release|Any CPU.ActiveCfg = Release|Any CPU
		{6809B5DC-358C-45C5-B04C-0B7027596A8B}.Release|Any CPU.Build.0 = Release|Any CPU
		{8EBE81B9-9ED9-466D-864A-4C644BFD8827}.Debug|Any CPU.ActiveCfg = Debug|Any CPU
		{8EBE81B9-9ED9-466D-864A-4C644BFD8827}.Debug|Any CPU.Build.0 = Debug|Any CPU
		{8EBE81B9-9ED9-466D-864A-4C644BFD8827}.Release|Any CPU.ActiveCfg = Release|Any CPU
		{8EBE81B9-9ED9-466D-864A-4C644BFD8827}.Release|Any CPU.Build.0 = Release|Any CPU
		{379BA41B-9944-4B5A-8732-EEBAA7F05B04}.Debug|Any CPU.ActiveCfg = Debug|Any CPU
		{379BA41B-9944-4B5A-8732-EEBAA7F05B04}.Debug|Any CPU.Build.0 = Debug|Any CPU
		{379BA41B-9944-4B5A-8732-EEBAA7F05B04}.Release|Any CPU.ActiveCfg = Release|Any CPU
		{379BA41B-9944-4B5A-8732-EEBAA7F05B04}.Release|Any CPU.Build.0 = Release|Any CPU
		{6A9D08C0-4482-4D1A-9368-9F41B7126F9E}.Debug|Any CPU.ActiveCfg = Debug|Any CPU
		{6A9D08C0-4482-4D1A-9368-9F41B7126F9E}.Debug|Any CPU.Build.0 = Debug|Any CPU
		{6A9D08C0-4482-4D1A-9368-9F41B7126F9E}.Release|Any CPU.ActiveCfg = Release|Any CPU
		{6A9D08C0-4482-4D1A-9368-9F41B7126F9E}.Release|Any CPU.Build.0 = Release|Any CPU
		{9DB058D4-CF5A-4280-9150-A62C22FC3CB0}.Debug|Any CPU.ActiveCfg = Debug|Any CPU
		{9DB058D4-CF5A-4280-9150-A62C22FC3CB0}.Debug|Any CPU.Build.0 = Debug|Any CPU
		{9DB058D4-CF5A-4280-9150-A62C22FC3CB0}.Release|Any CPU.ActiveCfg = Release|Any CPU
		{9DB058D4-CF5A-4280-9150-A62C22FC3CB0}.Release|Any CPU.Build.0 = Release|Any CPU
		{384E98F6-C66A-4280-B7FF-AE5BB594DAE3}.Debug|Any CPU.ActiveCfg = Debug|Any CPU
		{384E98F6-C66A-4280-B7FF-AE5BB594DAE3}.Debug|Any CPU.Build.0 = Debug|Any CPU
		{384E98F6-C66A-4280-B7FF-AE5BB594DAE3}.Release|Any CPU.ActiveCfg = Release|Any CPU
		{384E98F6-C66A-4280-B7FF-AE5BB594DAE3}.Release|Any CPU.Build.0 = Release|Any CPU
		{4BEF27B4-5AAC-4AB1-B43F-E85C484FC326}.Debug|Any CPU.ActiveCfg = Debug|Any CPU
		{4BEF27B4-5AAC-4AB1-B43F-E85C484FC326}.Debug|Any CPU.Build.0 = Debug|Any CPU
		{4BEF27B4-5AAC-4AB1-B43F-E85C484FC326}.Release|Any CPU.ActiveCfg = Release|Any CPU
		{4BEF27B4-5AAC-4AB1-B43F-E85C484FC326}.Release|Any CPU.Build.0 = Release|Any CPU
		{8589072C-44CB-4F6E-92E7-D73A42C31D69}.Debug|Any CPU.ActiveCfg = Debug|Any CPU
		{8589072C-44CB-4F6E-92E7-D73A42C31D69}.Debug|Any CPU.Build.0 = Debug|Any CPU
		{8589072C-44CB-4F6E-92E7-D73A42C31D69}.Release|Any CPU.ActiveCfg = Release|Any CPU
		{8589072C-44CB-4F6E-92E7-D73A42C31D69}.Release|Any CPU.Build.0 = Release|Any CPU
		{8AF4399E-0D5A-418E-8178-E81192C56213}.Debug|Any CPU.ActiveCfg = Debug|Any CPU
		{8AF4399E-0D5A-418E-8178-E81192C56213}.Debug|Any CPU.Build.0 = Debug|Any CPU
		{8AF4399E-0D5A-418E-8178-E81192C56213}.Release|Any CPU.ActiveCfg = Release|Any CPU
		{8AF4399E-0D5A-418E-8178-E81192C56213}.Release|Any CPU.Build.0 = Release|Any CPU
		{C4188EB1-8DC5-47C7-A966-8AA38B6CFB55}.Debug|Any CPU.ActiveCfg = Debug|Any CPU
		{C4188EB1-8DC5-47C7-A966-8AA38B6CFB55}.Debug|Any CPU.Build.0 = Debug|Any CPU
		{C4188EB1-8DC5-47C7-A966-8AA38B6CFB55}.Release|Any CPU.ActiveCfg = Release|Any CPU
		{C4188EB1-8DC5-47C7-A966-8AA38B6CFB55}.Release|Any CPU.Build.0 = Release|Any CPU
		{A16C8DE3-1851-46A9-8866-9D8663E0A76F}.Debug|Any CPU.ActiveCfg = Debug|Any CPU
		{A16C8DE3-1851-46A9-8866-9D8663E0A76F}.Debug|Any CPU.Build.0 = Debug|Any CPU
		{A16C8DE3-1851-46A9-8866-9D8663E0A76F}.Release|Any CPU.ActiveCfg = Release|Any CPU
		{A16C8DE3-1851-46A9-8866-9D8663E0A76F}.Release|Any CPU.Build.0 = Release|Any CPU
		{747A4E61-34F4-4790-A418-BB2CB03450E3}.Debug|Any CPU.ActiveCfg = Debug|Any CPU
		{747A4E61-34F4-4790-A418-BB2CB03450E3}.Debug|Any CPU.Build.0 = Debug|Any CPU
		{747A4E61-34F4-4790-A418-BB2CB03450E3}.Release|Any CPU.ActiveCfg = Release|Any CPU
		{747A4E61-34F4-4790-A418-BB2CB03450E3}.Release|Any CPU.Build.0 = Release|Any CPU
		{68BDAB7C-92F1-41D8-A0AB-F8F4A98C44EC}.Debug|Any CPU.ActiveCfg = Debug|Any CPU
		{68BDAB7C-92F1-41D8-A0AB-F8F4A98C44EC}.Debug|Any CPU.Build.0 = Debug|Any CPU
		{68BDAB7C-92F1-41D8-A0AB-F8F4A98C44EC}.Release|Any CPU.ActiveCfg = Release|Any CPU
		{68BDAB7C-92F1-41D8-A0AB-F8F4A98C44EC}.Release|Any CPU.Build.0 = Release|Any CPU
		{DD2B2EDC-224A-487D-93FA-A71FCCC5433E}.Debug|Any CPU.ActiveCfg = Debug|Any CPU
		{DD2B2EDC-224A-487D-93FA-A71FCCC5433E}.Debug|Any CPU.Build.0 = Debug|Any CPU
		{DD2B2EDC-224A-487D-93FA-A71FCCC5433E}.Release|Any CPU.ActiveCfg = Release|Any CPU
		{DD2B2EDC-224A-487D-93FA-A71FCCC5433E}.Release|Any CPU.Build.0 = Release|Any CPU
		{C1F8FEEB-09E9-4FD0-A9B1-B4A323ED2177}.Debug|Any CPU.ActiveCfg = Debug|Any CPU
		{C1F8FEEB-09E9-4FD0-A9B1-B4A323ED2177}.Debug|Any CPU.Build.0 = Debug|Any CPU
		{C1F8FEEB-09E9-4FD0-A9B1-B4A323ED2177}.Release|Any CPU.ActiveCfg = Release|Any CPU
		{C1F8FEEB-09E9-4FD0-A9B1-B4A323ED2177}.Release|Any CPU.Build.0 = Release|Any CPU
		{E26EC117-EC2C-4B61-A2B8-C6D56230E6A9}.Debug|Any CPU.ActiveCfg = Debug|Any CPU
		{E26EC117-EC2C-4B61-A2B8-C6D56230E6A9}.Debug|Any CPU.Build.0 = Debug|Any CPU
		{E26EC117-EC2C-4B61-A2B8-C6D56230E6A9}.Release|Any CPU.ActiveCfg = Release|Any CPU
		{E26EC117-EC2C-4B61-A2B8-C6D56230E6A9}.Release|Any CPU.Build.0 = Release|Any CPU
		{6979C7C4-91FE-4FD5-8F74-101CC533B238}.Debug|Any CPU.ActiveCfg = Debug|Any CPU
		{6979C7C4-91FE-4FD5-8F74-101CC533B238}.Debug|Any CPU.Build.0 = Debug|Any CPU
		{6979C7C4-91FE-4FD5-8F74-101CC533B238}.Release|Any CPU.ActiveCfg = Release|Any CPU
		{6979C7C4-91FE-4FD5-8F74-101CC533B238}.Release|Any CPU.Build.0 = Release|Any CPU
		{FA7D93C6-05C2-42A9-B82B-C544898F26AD}.Debug|Any CPU.ActiveCfg = Debug|Any CPU
		{FA7D93C6-05C2-42A9-B82B-C544898F26AD}.Debug|Any CPU.Build.0 = Debug|Any CPU
		{FA7D93C6-05C2-42A9-B82B-C544898F26AD}.Release|Any CPU.ActiveCfg = Release|Any CPU
		{FA7D93C6-05C2-42A9-B82B-C544898F26AD}.Release|Any CPU.Build.0 = Release|Any CPU
		{D78D6B25-E644-4CFE-9031-A05DFBDC683D}.Debug|Any CPU.ActiveCfg = Debug|Any CPU
		{D78D6B25-E644-4CFE-9031-A05DFBDC683D}.Debug|Any CPU.Build.0 = Debug|Any CPU
		{D78D6B25-E644-4CFE-9031-A05DFBDC683D}.Release|Any CPU.ActiveCfg = Release|Any CPU
		{D78D6B25-E644-4CFE-9031-A05DFBDC683D}.Release|Any CPU.Build.0 = Release|Any CPU
		{3590476D-CE82-4B96-AB71-6DCC4B481B17}.Debug|Any CPU.ActiveCfg = Debug|Any CPU
		{3590476D-CE82-4B96-AB71-6DCC4B481B17}.Debug|Any CPU.Build.0 = Debug|Any CPU
		{3590476D-CE82-4B96-AB71-6DCC4B481B17}.Release|Any CPU.ActiveCfg = Release|Any CPU
		{3590476D-CE82-4B96-AB71-6DCC4B481B17}.Release|Any CPU.Build.0 = Release|Any CPU
		{CD6453F6-DCDE-44D4-B1DB-B0B7CDF9BCC9}.Debug|Any CPU.ActiveCfg = Debug|Any CPU
		{CD6453F6-DCDE-44D4-B1DB-B0B7CDF9BCC9}.Debug|Any CPU.Build.0 = Debug|Any CPU
		{CD6453F6-DCDE-44D4-B1DB-B0B7CDF9BCC9}.Release|Any CPU.ActiveCfg = Release|Any CPU
		{CD6453F6-DCDE-44D4-B1DB-B0B7CDF9BCC9}.Release|Any CPU.Build.0 = Release|Any CPU
		{303C404B-9D91-4622-9B8B-8415E0DE6A8F}.Debug|Any CPU.ActiveCfg = Debug|Any CPU
		{303C404B-9D91-4622-9B8B-8415E0DE6A8F}.Debug|Any CPU.Build.0 = Debug|Any CPU
		{303C404B-9D91-4622-9B8B-8415E0DE6A8F}.Release|Any CPU.ActiveCfg = Release|Any CPU
		{303C404B-9D91-4622-9B8B-8415E0DE6A8F}.Release|Any CPU.Build.0 = Release|Any CPU
		{737A4054-4A2B-48E9-842A-A38D24361435}.Debug|Any CPU.ActiveCfg = Debug|Any CPU
		{737A4054-4A2B-48E9-842A-A38D24361435}.Debug|Any CPU.Build.0 = Debug|Any CPU
		{737A4054-4A2B-48E9-842A-A38D24361435}.Release|Any CPU.ActiveCfg = Release|Any CPU
		{737A4054-4A2B-48E9-842A-A38D24361435}.Release|Any CPU.Build.0 = Release|Any CPU
		{2C5BCF22-76B1-42D5-B078-FA8BD529BFD5}.Debug|Any CPU.ActiveCfg = Debug|Any CPU
		{2C5BCF22-76B1-42D5-B078-FA8BD529BFD5}.Debug|Any CPU.Build.0 = Debug|Any CPU
		{2C5BCF22-76B1-42D5-B078-FA8BD529BFD5}.Release|Any CPU.ActiveCfg = Release|Any CPU
		{2C5BCF22-76B1-42D5-B078-FA8BD529BFD5}.Release|Any CPU.Build.0 = Release|Any CPU
		{2DF3121A-62DE-451B-9854-BCDA34B200F2}.Debug|Any CPU.ActiveCfg = Debug|Any CPU
		{2DF3121A-62DE-451B-9854-BCDA34B200F2}.Debug|Any CPU.Build.0 = Debug|Any CPU
		{2DF3121A-62DE-451B-9854-BCDA34B200F2}.Release|Any CPU.ActiveCfg = Release|Any CPU
		{2DF3121A-62DE-451B-9854-BCDA34B200F2}.Release|Any CPU.Build.0 = Release|Any CPU
		{B0903672-629B-4C21-BAE3-6FBE587F4344}.Debug|Any CPU.ActiveCfg = Debug|Any CPU
		{B0903672-629B-4C21-BAE3-6FBE587F4344}.Debug|Any CPU.Build.0 = Debug|Any CPU
		{B0903672-629B-4C21-BAE3-6FBE587F4344}.Release|Any CPU.ActiveCfg = Release|Any CPU
		{B0903672-629B-4C21-BAE3-6FBE587F4344}.Release|Any CPU.Build.0 = Release|Any CPU
		{F7E5C653-EEAE-44BC-84B3-B16021B13D9E}.Debug|Any CPU.ActiveCfg = Debug|Any CPU
		{F7E5C653-EEAE-44BC-84B3-B16021B13D9E}.Debug|Any CPU.Build.0 = Debug|Any CPU
		{F7E5C653-EEAE-44BC-84B3-B16021B13D9E}.Release|Any CPU.ActiveCfg = Release|Any CPU
		{F7E5C653-EEAE-44BC-84B3-B16021B13D9E}.Release|Any CPU.Build.0 = Release|Any CPU
		{AC5E9B43-CBB4-4CB8-8411-5425576F2055}.Debug|Any CPU.ActiveCfg = Debug|Any CPU
		{AC5E9B43-CBB4-4CB8-8411-5425576F2055}.Debug|Any CPU.Build.0 = Debug|Any CPU
		{AC5E9B43-CBB4-4CB8-8411-5425576F2055}.Release|Any CPU.ActiveCfg = Release|Any CPU
		{AC5E9B43-CBB4-4CB8-8411-5425576F2055}.Release|Any CPU.Build.0 = Release|Any CPU
		{B9EABBB2-4A92-4672-9B5A-658FDF8ACE3F}.Debug|Any CPU.ActiveCfg = Debug|Any CPU
		{B9EABBB2-4A92-4672-9B5A-658FDF8ACE3F}.Debug|Any CPU.Build.0 = Debug|Any CPU
		{B9EABBB2-4A92-4672-9B5A-658FDF8ACE3F}.Release|Any CPU.ActiveCfg = Release|Any CPU
		{B9EABBB2-4A92-4672-9B5A-658FDF8ACE3F}.Release|Any CPU.Build.0 = Release|Any CPU
		{4393D751-EFDD-4FE6-B93C-F17DDA20E77A}.Debug|Any CPU.ActiveCfg = Debug|Any CPU
		{4393D751-EFDD-4FE6-B93C-F17DDA20E77A}.Debug|Any CPU.Build.0 = Debug|Any CPU
		{4393D751-EFDD-4FE6-B93C-F17DDA20E77A}.Release|Any CPU.ActiveCfg = Release|Any CPU
		{4393D751-EFDD-4FE6-B93C-F17DDA20E77A}.Release|Any CPU.Build.0 = Release|Any CPU
		{7E5E61F6-FD7D-4FE0-BFCD-C19346B7EF36}.Debug|Any CPU.ActiveCfg = Debug|Any CPU
		{7E5E61F6-FD7D-4FE0-BFCD-C19346B7EF36}.Debug|Any CPU.Build.0 = Debug|Any CPU
		{7E5E61F6-FD7D-4FE0-BFCD-C19346B7EF36}.Release|Any CPU.ActiveCfg = Release|Any CPU
		{7E5E61F6-FD7D-4FE0-BFCD-C19346B7EF36}.Release|Any CPU.Build.0 = Release|Any CPU
		{0A11411E-7798-4303-8E65-97421A30CD1A}.Debug|Any CPU.ActiveCfg = Debug|Any CPU
		{0A11411E-7798-4303-8E65-97421A30CD1A}.Debug|Any CPU.Build.0 = Debug|Any CPU
		{0A11411E-7798-4303-8E65-97421A30CD1A}.Release|Any CPU.ActiveCfg = Release|Any CPU
		{0A11411E-7798-4303-8E65-97421A30CD1A}.Release|Any CPU.Build.0 = Release|Any CPU
		{9EC1E476-6A6C-43DF-B6ED-3DFF94F446FC}.Debug|Any CPU.ActiveCfg = Debug|Any CPU
		{9EC1E476-6A6C-43DF-B6ED-3DFF94F446FC}.Debug|Any CPU.Build.0 = Debug|Any CPU
		{9EC1E476-6A6C-43DF-B6ED-3DFF94F446FC}.Release|Any CPU.ActiveCfg = Release|Any CPU
		{9EC1E476-6A6C-43DF-B6ED-3DFF94F446FC}.Release|Any CPU.Build.0 = Release|Any CPU
		{75C19265-0BA8-4373-9254-22FB6102788D}.Debug|Any CPU.ActiveCfg = Debug|Any CPU
		{75C19265-0BA8-4373-9254-22FB6102788D}.Debug|Any CPU.Build.0 = Debug|Any CPU
		{75C19265-0BA8-4373-9254-22FB6102788D}.Release|Any CPU.ActiveCfg = Release|Any CPU
		{75C19265-0BA8-4373-9254-22FB6102788D}.Release|Any CPU.Build.0 = Release|Any CPU
		{E426EEC2-98CA-4ABD-804B-3C1BD20BEE9C}.Debug|Any CPU.ActiveCfg = Debug|Any CPU
		{E426EEC2-98CA-4ABD-804B-3C1BD20BEE9C}.Debug|Any CPU.Build.0 = Debug|Any CPU
		{E426EEC2-98CA-4ABD-804B-3C1BD20BEE9C}.Release|Any CPU.ActiveCfg = Release|Any CPU
		{E426EEC2-98CA-4ABD-804B-3C1BD20BEE9C}.Release|Any CPU.Build.0 = Release|Any CPU
	EndGlobalSection
	GlobalSection(SolutionProperties) = preSolution
		HideSolutionNode = FALSE
	EndGlobalSection
	GlobalSection(NestedProjects) = preSolution
		{6809B5DC-358C-45C5-B04C-0B7027596A8B} = {C9731CBE-A60E-4BA8-8B52-C7952DB3BC06}
		{8EBE81B9-9ED9-466D-864A-4C644BFD8827} = {72E9352E-2BEB-493C-9F75-1C12AFA67D6B}
		{379BA41B-9944-4B5A-8732-EEBAA7F05B04} = {CE8AB915-8694-4892-BD38-05CBB1AAA418}
		{6A9D08C0-4482-4D1A-9368-9F41B7126F9E} = {408D8BC2-DF6B-4ABA-A90F-D79616019BF4}
		{9DB058D4-CF5A-4280-9150-A62C22FC3CB0} = {4A1808A4-FEA9-4BC9-A93A-9F41D457569A}
		{384E98F6-C66A-4280-B7FF-AE5BB594DAE3} = {41D78233-6980-465F-BAC5-45FCA6E0562F}
		{356EB041-D692-45B5-ACF6-0F393A62CB4B} = {2050CFE4-0FCC-4DFB-80A4-CFBE10C80D03}
		{4BEF27B4-5AAC-4AB1-B43F-E85C484FC326} = {BF4829EE-3EC0-4B70-8E8C-26C7C4E9BD43}
		{8589072C-44CB-4F6E-92E7-D73A42C31D69} = {66C8608F-4585-4E2C-8E8C-F4FDCC2CE382}
		{4A1808A4-FEA9-4BC9-A93A-9F41D457569A} = {2050CFE4-0FCC-4DFB-80A4-CFBE10C80D03}
		{7CBA15AB-52D1-4506-A7BF-9D23060ECF5D} = {4A1808A4-FEA9-4BC9-A93A-9F41D457569A}
		{8AF4399E-0D5A-418E-8178-E81192C56213} = {4A1808A4-FEA9-4BC9-A93A-9F41D457569A}
		{C4188EB1-8DC5-47C7-A966-8AA38B6CFB55} = {4A1808A4-FEA9-4BC9-A93A-9F41D457569A}
		{408D8BC2-DF6B-4ABA-A90F-D79616019BF4} = {2050CFE4-0FCC-4DFB-80A4-CFBE10C80D03}
		{EABCCA02-EA25-4451-935B-B293D8BD02DD} = {408D8BC2-DF6B-4ABA-A90F-D79616019BF4}
		{A16C8DE3-1851-46A9-8866-9D8663E0A76F} = {408D8BC2-DF6B-4ABA-A90F-D79616019BF4}
		{72E9352E-2BEB-493C-9F75-1C12AFA67D6B} = {2050CFE4-0FCC-4DFB-80A4-CFBE10C80D03}
		{61E63B45-1D21-44F7-9B01-F5209C05FFB4} = {72E9352E-2BEB-493C-9F75-1C12AFA67D6B}
		{747A4E61-34F4-4790-A418-BB2CB03450E3} = {72E9352E-2BEB-493C-9F75-1C12AFA67D6B}
		{41D78233-6980-465F-BAC5-45FCA6E0562F} = {2050CFE4-0FCC-4DFB-80A4-CFBE10C80D03}
		{CE5A9FAB-C188-4919-A296-D9B1422169E9} = {41D78233-6980-465F-BAC5-45FCA6E0562F}
		{68BDAB7C-92F1-41D8-A0AB-F8F4A98C44EC} = {41D78233-6980-465F-BAC5-45FCA6E0562F}
		{CE8AB915-8694-4892-BD38-05CBB1AAA418} = {2050CFE4-0FCC-4DFB-80A4-CFBE10C80D03}
		{134E383F-6E78-460D-B76A-3BAAB8EBF54B} = {CE8AB915-8694-4892-BD38-05CBB1AAA418}
		{DD2B2EDC-224A-487D-93FA-A71FCCC5433E} = {CE8AB915-8694-4892-BD38-05CBB1AAA418}
		{C9731CBE-A60E-4BA8-8B52-C7952DB3BC06} = {2050CFE4-0FCC-4DFB-80A4-CFBE10C80D03}
		{C9F5729A-C6E2-4E2F-A68D-4FDF757B2E58} = {C9731CBE-A60E-4BA8-8B52-C7952DB3BC06}
		{C1F8FEEB-09E9-4FD0-A9B1-B4A323ED2177} = {C9731CBE-A60E-4BA8-8B52-C7952DB3BC06}
		{BF4829EE-3EC0-4B70-8E8C-26C7C4E9BD43} = {2050CFE4-0FCC-4DFB-80A4-CFBE10C80D03}
		{E1074DCD-CC19-4C67-B799-EB534C885018} = {BF4829EE-3EC0-4B70-8E8C-26C7C4E9BD43}
		{E26EC117-EC2C-4B61-A2B8-C6D56230E6A9} = {BF4829EE-3EC0-4B70-8E8C-26C7C4E9BD43}
		{66C8608F-4585-4E2C-8E8C-F4FDCC2CE382} = {2050CFE4-0FCC-4DFB-80A4-CFBE10C80D03}
		{6979C7C4-91FE-4FD5-8F74-101CC533B238} = {66C8608F-4585-4E2C-8E8C-F4FDCC2CE382}
		{FA7D93C6-05C2-42A9-B82B-C544898F26AD} = {66C8608F-4585-4E2C-8E8C-F4FDCC2CE382}
		{D78D6B25-E644-4CFE-9031-A05DFBDC683D} = {4A1808A4-FEA9-4BC9-A93A-9F41D457569A}
		{3590476D-CE82-4B96-AB71-6DCC4B481B17} = {CE8AB915-8694-4892-BD38-05CBB1AAA418}
		{CD6453F6-DCDE-44D4-B1DB-B0B7CDF9BCC9} = {BF4829EE-3EC0-4B70-8E8C-26C7C4E9BD43}
		{303C404B-9D91-4622-9B8B-8415E0DE6A8F} = {72E9352E-2BEB-493C-9F75-1C12AFA67D6B}
		{737A4054-4A2B-48E9-842A-A38D24361435} = {41D78233-6980-465F-BAC5-45FCA6E0562F}
		{2C5BCF22-76B1-42D5-B078-FA8BD529BFD5} = {408D8BC2-DF6B-4ABA-A90F-D79616019BF4}
		{2DF3121A-62DE-451B-9854-BCDA34B200F2} = {4A1808A4-FEA9-4BC9-A93A-9F41D457569A}
		{20FD60F3-3086-4A25-876B-E977BDA46687} = {72E9352E-2BEB-493C-9F75-1C12AFA67D6B}
		{66214BD2-6DA6-49CD-8C74-63DA9E643259} = {41D78233-6980-465F-BAC5-45FCA6E0562F}
		{B0903672-629B-4C21-BAE3-6FBE587F4344} = {66C8608F-4585-4E2C-8E8C-F4FDCC2CE382}
		{F7E5C653-EEAE-44BC-84B3-B16021B13D9E} = {72E9352E-2BEB-493C-9F75-1C12AFA67D6B}
		{AC5E9B43-CBB4-4CB8-8411-5425576F2055} = {66C8608F-4585-4E2C-8E8C-F4FDCC2CE382}
		{B9EABBB2-4A92-4672-9B5A-658FDF8ACE3F} = {72E9352E-2BEB-493C-9F75-1C12AFA67D6B}
		{4393D751-EFDD-4FE6-B93C-F17DDA20E77A} = {CE8AB915-8694-4892-BD38-05CBB1AAA418}
		{7E5E61F6-FD7D-4FE0-BFCD-C19346B7EF36} = {4A1808A4-FEA9-4BC9-A93A-9F41D457569A}
		{0A11411E-7798-4303-8E65-97421A30CD1A} = {BF4829EE-3EC0-4B70-8E8C-26C7C4E9BD43}
		{9EC1E476-6A6C-43DF-B6ED-3DFF94F446FC} = {66C8608F-4585-4E2C-8E8C-F4FDCC2CE382}
		{75C19265-0BA8-4373-9254-22FB6102788D} = {41D78233-6980-465F-BAC5-45FCA6E0562F}
		{CFC6EE58-CD1B-4A21-B281-C6E9D5D0390D} = {408D8BC2-DF6B-4ABA-A90F-D79616019BF4}
		{E426EEC2-98CA-4ABD-804B-3C1BD20BEE9C} = {408D8BC2-DF6B-4ABA-A90F-D79616019BF4}
	EndGlobalSection
	GlobalSection(ExtensibilityGlobals) = postSolution
		SolutionGuid = {D3F10C8B-FD6C-43DA-94B4-1D9688BBE11B}
	EndGlobalSection
EndGlobal
