
Microsoft Visual Studio Solution File, Format Version 12.00
# Visual Studio 15
VisualStudioVersion = 15.0.27130.2036
MinimumVisualStudioVersion = 10.0.40219.1
Project("{FAE04EC0-301F-11D3-BF4B-00C04F79EFBC}") = "ColorCorrector", "ColorCorrector\ColorCorrector.csproj", "{6809B5DC-358C-45C5-B04C-0B7027596A8B}"
EndProject
Project("{FAE04EC0-301F-11D3-BF4B-00C04F79EFBC}") = "DeveloperConsole", "DeveloperConsole\DeveloperConsole.csproj", "{434F00D0-BD2A-4C81-A2FE-8DBFBBD9D9AB}"
EndProject
Project("{FAE04EC0-301F-11D3-BF4B-00C04F79EFBC}") = "DynamicTranslationLoader", "DynamicTranslationLoader\DynamicTranslationLoader.csproj", "{6FE9DE86-F466-49FD-BCCA-ADD512C8DCE8}"
EndProject
Project("{FAE04EC0-301F-11D3-BF4B-00C04F79EFBC}") = "ExtensibleSaveFormat", "ExtensibleSaveFormat\ExtensibleSaveFormat.csproj", "{8EBE81B9-9ED9-466D-864A-4C644BFD8827}"
EndProject
Project("{FAE04EC0-301F-11D3-BF4B-00C04F79EFBC}") = "InputUnlocker", "InputUnlocker\InputUnlocker.csproj", "{379BA41B-9944-4B5A-8732-EEBAA7F05B04}"
EndProject
Project("{FAE04EC0-301F-11D3-BF4B-00C04F79EFBC}") = "ResourceRedirector", "ResourceRedirector\ResourceRedirector.csproj", "{3EA76CA3-45B6-4A1A-B04F-7A1A8C978AF6}"
EndProject
Project("{FAE04EC0-301F-11D3-BF4B-00C04F79EFBC}") = "Screencap", "Screencap\Screencap.csproj", "{6A9D08C0-4482-4D1A-9368-9F41B7126F9E}"
EndProject
Project("{FAE04EC0-301F-11D3-BF4B-00C04F79EFBC}") = "SliderUnlocker", "SliderUnlocker\SliderUnlocker.csproj", "{9DB058D4-CF5A-4280-9150-A62C22FC3CB0}"
EndProject
Project("{FAE04EC0-301F-11D3-BF4B-00C04F79EFBC}") = "ScriptEngine", "ScriptEngine\ScriptEngine.csproj", "{F9E5C796-EDB2-4593-B9F8-EF0976399267}"
EndProject
Project("{FAE04EC0-301F-11D3-BF4B-00C04F79EFBC}") = "IPALoader", "IPALoader\IPALoader.csproj", "{4523DAA4-1B2D-4E14-82B9-61D8FCDF0C24}"
EndProject
Project("{FAE04EC0-301F-11D3-BF4B-00C04F79EFBC}") = "Sideloader", "Sideloader\Sideloader.csproj", "{384E98F6-C66A-4280-B7FF-AE5BB594DAE3}"
EndProject
Project("{D954291E-2A0B-460D-934E-DC6B0785DB48}") = "Shared", "Shared\Shared.shproj", "{356EB041-D692-45B5-ACF6-0F393A62CB4B}"
EndProject
Project("{FAE04EC0-301F-11D3-BF4B-00C04F79EFBC}") = "CardCacher", "CardCacher\CardCacher.csproj", "{DA10AC40-3C59-404A-8054-21053EB32D09}"
EndProject
Project("{FAE04EC0-301F-11D3-BF4B-00C04F79EFBC}") = "ConfigurationManager", "ConfigurationManager\ConfigurationManager.csproj", "{D56DD83D-7471-463F-B4FF-8910A335833C}"
EndProject
Project("{FAE04EC0-301F-11D3-BF4B-00C04F79EFBC}") = "BGMLoader", "BGMLoader\BGMLoader.csproj", "{4BEF27B4-5AAC-4AB1-B43F-E85C484FC326}"
EndProject
Project("{FAE04EC0-301F-11D3-BF4B-00C04F79EFBC}") = "MessageCenter", "MessageCenter\MessageCenter.csproj", "{404612B2-190B-4ADF-BA30-0C7959F99E96}"
EndProject
Global
	GlobalSection(SharedMSBuildProjectFiles) = preSolution
		Shared\Shared.projitems*{356eb041-d692-45b5-acf6-0f393a62cb4b}*SharedItemsImports = 13
		Shared\Shared.projitems*{8ebe81b9-9ed9-466d-864a-4c644bfd8827}*SharedItemsImports = 4
	EndGlobalSection
	GlobalSection(SolutionConfigurationPlatforms) = preSolution
		Debug|Any CPU = Debug|Any CPU
		Release|Any CPU = Release|Any CPU
	EndGlobalSection
	GlobalSection(ProjectConfigurationPlatforms) = postSolution
		{6809B5DC-358C-45C5-B04C-0B7027596A8B}.Debug|Any CPU.ActiveCfg = Debug|Any CPU
		{6809B5DC-358C-45C5-B04C-0B7027596A8B}.Debug|Any CPU.Build.0 = Debug|Any CPU
		{6809B5DC-358C-45C5-B04C-0B7027596A8B}.Release|Any CPU.ActiveCfg = Mono|Any CPU
		{6809B5DC-358C-45C5-B04C-0B7027596A8B}.Release|Any CPU.Build.0 = Mono|Any CPU
		{434F00D0-BD2A-4C81-A2FE-8DBFBBD9D9AB}.Debug|Any CPU.ActiveCfg = Debug|Any CPU
		{434F00D0-BD2A-4C81-A2FE-8DBFBBD9D9AB}.Debug|Any CPU.Build.0 = Debug|Any CPU
		{434F00D0-BD2A-4C81-A2FE-8DBFBBD9D9AB}.Release|Any CPU.ActiveCfg = Mono|Any CPU
		{434F00D0-BD2A-4C81-A2FE-8DBFBBD9D9AB}.Release|Any CPU.Build.0 = Mono|Any CPU
		{6FE9DE86-F466-49FD-BCCA-ADD512C8DCE8}.Debug|Any CPU.ActiveCfg = Debug|Any CPU
		{6FE9DE86-F466-49FD-BCCA-ADD512C8DCE8}.Debug|Any CPU.Build.0 = Debug|Any CPU
		{6FE9DE86-F466-49FD-BCCA-ADD512C8DCE8}.Release|Any CPU.ActiveCfg = Mono|Any CPU
		{6FE9DE86-F466-49FD-BCCA-ADD512C8DCE8}.Release|Any CPU.Build.0 = Mono|Any CPU
		{8EBE81B9-9ED9-466D-864A-4C644BFD8827}.Debug|Any CPU.ActiveCfg = Debug|Any CPU
		{8EBE81B9-9ED9-466D-864A-4C644BFD8827}.Debug|Any CPU.Build.0 = Debug|Any CPU
		{8EBE81B9-9ED9-466D-864A-4C644BFD8827}.Release|Any CPU.ActiveCfg = Mono|Any CPU
		{8EBE81B9-9ED9-466D-864A-4C644BFD8827}.Release|Any CPU.Build.0 = Mono|Any CPU
		{379BA41B-9944-4B5A-8732-EEBAA7F05B04}.Debug|Any CPU.ActiveCfg = Debug|Any CPU
		{379BA41B-9944-4B5A-8732-EEBAA7F05B04}.Debug|Any CPU.Build.0 = Debug|Any CPU
		{379BA41B-9944-4B5A-8732-EEBAA7F05B04}.Release|Any CPU.ActiveCfg = Mono|Any CPU
		{379BA41B-9944-4B5A-8732-EEBAA7F05B04}.Release|Any CPU.Build.0 = Mono|Any CPU
		{3EA76CA3-45B6-4A1A-B04F-7A1A8C978AF6}.Debug|Any CPU.ActiveCfg = Debug|Any CPU
		{3EA76CA3-45B6-4A1A-B04F-7A1A8C978AF6}.Debug|Any CPU.Build.0 = Debug|Any CPU
		{3EA76CA3-45B6-4A1A-B04F-7A1A8C978AF6}.Release|Any CPU.ActiveCfg = Mono|Any CPU
		{3EA76CA3-45B6-4A1A-B04F-7A1A8C978AF6}.Release|Any CPU.Build.0 = Mono|Any CPU
		{6A9D08C0-4482-4D1A-9368-9F41B7126F9E}.Debug|Any CPU.ActiveCfg = Debug|Any CPU
		{6A9D08C0-4482-4D1A-9368-9F41B7126F9E}.Debug|Any CPU.Build.0 = Debug|Any CPU
		{6A9D08C0-4482-4D1A-9368-9F41B7126F9E}.Release|Any CPU.ActiveCfg = Mono|Any CPU
		{6A9D08C0-4482-4D1A-9368-9F41B7126F9E}.Release|Any CPU.Build.0 = Mono|Any CPU
		{9DB058D4-CF5A-4280-9150-A62C22FC3CB0}.Debug|Any CPU.ActiveCfg = Debug|Any CPU
		{9DB058D4-CF5A-4280-9150-A62C22FC3CB0}.Debug|Any CPU.Build.0 = Debug|Any CPU
		{9DB058D4-CF5A-4280-9150-A62C22FC3CB0}.Release|Any CPU.ActiveCfg = Mono|Any CPU
		{9DB058D4-CF5A-4280-9150-A62C22FC3CB0}.Release|Any CPU.Build.0 = Mono|Any CPU
		{F9E5C796-EDB2-4593-B9F8-EF0976399267}.Debug|Any CPU.ActiveCfg = Debug|Any CPU
		{F9E5C796-EDB2-4593-B9F8-EF0976399267}.Release|Any CPU.ActiveCfg = Mono|Any CPU
		{4523DAA4-1B2D-4E14-82B9-61D8FCDF0C24}.Debug|Any CPU.ActiveCfg = Debug|Any CPU
		{4523DAA4-1B2D-4E14-82B9-61D8FCDF0C24}.Debug|Any CPU.Build.0 = Debug|Any CPU
		{4523DAA4-1B2D-4E14-82B9-61D8FCDF0C24}.Release|Any CPU.ActiveCfg = Mono|Any CPU
		{4523DAA4-1B2D-4E14-82B9-61D8FCDF0C24}.Release|Any CPU.Build.0 = Mono|Any CPU
		{384E98F6-C66A-4280-B7FF-AE5BB594DAE3}.Debug|Any CPU.ActiveCfg = Debug|Any CPU
		{384E98F6-C66A-4280-B7FF-AE5BB594DAE3}.Debug|Any CPU.Build.0 = Debug|Any CPU
		{384E98F6-C66A-4280-B7FF-AE5BB594DAE3}.Release|Any CPU.ActiveCfg = Mono|Any CPU
		{384E98F6-C66A-4280-B7FF-AE5BB594DAE3}.Release|Any CPU.Build.0 = Mono|Any CPU
		{DA10AC40-3C59-404A-8054-21053EB32D09}.Debug|Any CPU.ActiveCfg = Debug|Any CPU
		{DA10AC40-3C59-404A-8054-21053EB32D09}.Release|Any CPU.ActiveCfg = Release|Any CPU
		{D56DD83D-7471-463F-B4FF-8910A335833C}.Debug|Any CPU.ActiveCfg = Debug|Any CPU
		{D56DD83D-7471-463F-B4FF-8910A335833C}.Debug|Any CPU.Build.0 = Debug|Any CPU
		{D56DD83D-7471-463F-B4FF-8910A335833C}.Release|Any CPU.ActiveCfg = Release|Any CPU
		{D56DD83D-7471-463F-B4FF-8910A335833C}.Release|Any CPU.Build.0 = Release|Any CPU
		{4BEF27B4-5AAC-4AB1-B43F-E85C484FC326}.Debug|Any CPU.ActiveCfg = Debug|Any CPU
		{4BEF27B4-5AAC-4AB1-B43F-E85C484FC326}.Debug|Any CPU.Build.0 = Debug|Any CPU
		{4BEF27B4-5AAC-4AB1-B43F-E85C484FC326}.Release|Any CPU.ActiveCfg = Release|Any CPU
		{4BEF27B4-5AAC-4AB1-B43F-E85C484FC326}.Release|Any CPU.Build.0 = Release|Any CPU
		{404612B2-190B-4ADF-BA30-0C7959F99E96}.Debug|Any CPU.ActiveCfg = Debug|Any CPU
		{404612B2-190B-4ADF-BA30-0C7959F99E96}.Debug|Any CPU.Build.0 = Debug|Any CPU
		{404612B2-190B-4ADF-BA30-0C7959F99E96}.Release|Any CPU.ActiveCfg = Release|Any CPU
		{404612B2-190B-4ADF-BA30-0C7959F99E96}.Release|Any CPU.Build.0 = Release|Any CPU
	EndGlobalSection
	GlobalSection(SolutionProperties) = preSolution
		HideSolutionNode = FALSE
	EndGlobalSection
	GlobalSection(ExtensibilityGlobals) = postSolution
		SolutionGuid = {D3F10C8B-FD6C-43DA-94B4-1D9688BBE11B}
	EndGlobalSection
EndGlobal
